// !$*UTF8*$!
{
	archiveVersion = 1;
	classes = {
	};
	objectVersion = 46;
	objects = {

/* Begin PBXBuildFile section */
		28971E511D23A3E2002D1A93 /* main.m in Sources */ = {isa = PBXBuildFile; fileRef = 28971E501D23A3E2002D1A93 /* main.m */; };
		28971E541D23A3E2002D1A93 /* AppDelegate.m in Sources */ = {isa = PBXBuildFile; fileRef = 28971E531D23A3E2002D1A93 /* AppDelegate.m */; };
		28971E571D23A3E2002D1A93 /* ViewController.m in Sources */ = {isa = PBXBuildFile; fileRef = 28971E561D23A3E2002D1A93 /* ViewController.m */; };
		28971E5A1D23A3E2002D1A93 /* Main.storyboard in Resources */ = {isa = PBXBuildFile; fileRef = 28971E581D23A3E2002D1A93 /* Main.storyboard */; };
		28971E5C1D23A3E2002D1A93 /* Assets.xcassets in Resources */ = {isa = PBXBuildFile; fileRef = 28971E5B1D23A3E2002D1A93 /* Assets.xcassets */; };
		28971E5F1D23A3E2002D1A93 /* LaunchScreen.storyboard in Resources */ = {isa = PBXBuildFile; fileRef = 28971E5D1D23A3E2002D1A93 /* LaunchScreen.storyboard */; };
		28971E6A1D23A3E2002D1A93 /* OperationTests.m in Sources */ = {isa = PBXBuildFile; fileRef = 28971E691D23A3E2002D1A93 /* OperationTests.m */; };
		28971E751D23A3E3002D1A93 /* OperationUITests.m in Sources */ = {isa = PBXBuildFile; fileRef = 28971E741D23A3E3002D1A93 /* OperationUITests.m */; };
		28971E841D23BBCF002D1A93 /* DownloadNSOperation.m in Sources */ = {isa = PBXBuildFile; fileRef = 28971E831D23BBCF002D1A93 /* DownloadNSOperation.m */; };
		28C8DF431D24F86400644ED3 /* OperationString.m in Sources */ = {isa = PBXBuildFile; fileRef = 28C8DF421D24F86400644ED3 /* OperationString.m */; };
/* End PBXBuildFile section */

/* Begin PBXContainerItemProxy section */
		28971E661D23A3E2002D1A93 /* PBXContainerItemProxy */ = {
			isa = PBXContainerItemProxy;
			containerPortal = 28971E441D23A3E2002D1A93 /* Project object */;
			proxyType = 1;
			remoteGlobalIDString = 28971E4B1D23A3E2002D1A93;
			remoteInfo = Operation;
		};
		28971E711D23A3E3002D1A93 /* PBXContainerItemProxy */ = {
			isa = PBXContainerItemProxy;
			containerPortal = 28971E441D23A3E2002D1A93 /* Project object */;
			proxyType = 1;
			remoteGlobalIDString = 28971E4B1D23A3E2002D1A93;
			remoteInfo = Operation;
		};
/* End PBXContainerItemProxy section */

/* Begin PBXFileReference section */
		28971E4C1D23A3E2002D1A93 /* Operation.app */ = {isa = PBXFileReference; explicitFileType = wrapper.application; includeInIndex = 0; path = Operation.app; sourceTree = BUILT_PRODUCTS_DIR; };
		28971E501D23A3E2002D1A93 /* main.m */ = {isa = PBXFileReference; lastKnownFileType = sourcecode.c.objc; path = main.m; sourceTree = "<group>"; };
		28971E521D23A3E2002D1A93 /* AppDelegate.h */ = {isa = PBXFileReference; lastKnownFileType = sourcecode.c.h; path = AppDelegate.h; sourceTree = "<group>"; };
		28971E531D23A3E2002D1A93 /* AppDelegate.m */ = {isa = PBXFileReference; lastKnownFileType = sourcecode.c.objc; path = AppDelegate.m; sourceTree = "<group>"; };
		28971E551D23A3E2002D1A93 /* ViewController.h */ = {isa = PBXFileReference; lastKnownFileType = sourcecode.c.h; path = ViewController.h; sourceTree = "<group>"; };
		28971E561D23A3E2002D1A93 /* ViewController.m */ = {isa = PBXFileReference; lastKnownFileType = sourcecode.c.objc; path = ViewController.m; sourceTree = "<group>"; };
		28971E591D23A3E2002D1A93 /* Base */ = {isa = PBXFileReference; lastKnownFileType = file.storyboard; name = Base; path = Base.lproj/Main.storyboard; sourceTree = "<group>"; };
		28971E5B1D23A3E2002D1A93 /* Assets.xcassets */ = {isa = PBXFileReference; lastKnownFileType = folder.assetcatalog; path = Assets.xcassets; sourceTree = "<group>"; };
		28971E5E1D23A3E2002D1A93 /* Base */ = {isa = PBXFileReference; lastKnownFileType = file.storyboard; name = Base; path = Base.lproj/LaunchScreen.storyboard; sourceTree = "<group>"; };
		28971E601D23A3E2002D1A93 /* Info.plist */ = {isa = PBXFileReference; lastKnownFileType = text.plist.xml; path = Info.plist; sourceTree = "<group>"; };
		28971E651D23A3E2002D1A93 /* OperationTests.xctest */ = {isa = PBXFileReference; explicitFileType = wrapper.cfbundle; includeInIndex = 0; path = OperationTests.xctest; sourceTree = BUILT_PRODUCTS_DIR; };
		28971E691D23A3E2002D1A93 /* OperationTests.m */ = {isa = PBXFileReference; lastKnownFileType = sourcecode.c.objc; path = OperationTests.m; sourceTree = "<group>"; };
		28971E6B1D23A3E2002D1A93 /* Info.plist */ = {isa = PBXFileReference; lastKnownFileType = text.plist.xml; path = Info.plist; sourceTree = "<group>"; };
		28971E701D23A3E3002D1A93 /* OperationUITests.xctest */ = {isa = PBXFileReference; explicitFileType = wrapper.cfbundle; includeInIndex = 0; path = OperationUITests.xctest; sourceTree = BUILT_PRODUCTS_DIR; };
		28971E741D23A3E3002D1A93 /* OperationUITests.m */ = {isa = PBXFileReference; lastKnownFileType = sourcecode.c.objc; path = OperationUITests.m; sourceTree = "<group>"; };
		28971E761D23A3E3002D1A93 /* Info.plist */ = {isa = PBXFileReference; lastKnownFileType = text.plist.xml; path = Info.plist; sourceTree = "<group>"; };
		28971E821D23BBCF002D1A93 /* DownloadNSOperation.h */ = {isa = PBXFileReference; fileEncoding = 4; lastKnownFileType = sourcecode.c.h; path = DownloadNSOperation.h; sourceTree = "<group>"; };
		28971E831D23BBCF002D1A93 /* DownloadNSOperation.m */ = {isa = PBXFileReference; fileEncoding = 4; lastKnownFileType = sourcecode.c.objc; path = DownloadNSOperation.m; sourceTree = "<group>"; };
		28C8DF411D24F86400644ED3 /* OperationString.h */ = {isa = PBXFileReference; fileEncoding = 4; lastKnownFileType = sourcecode.c.h; path = OperationString.h; sourceTree = "<group>"; };
		28C8DF421D24F86400644ED3 /* OperationString.m */ = {isa = PBXFileReference; fileEncoding = 4; lastKnownFileType = sourcecode.c.objc; path = OperationString.m; sourceTree = "<group>"; };
/* End PBXFileReference section */

/* Begin PBXFrameworksBuildPhase section */
		28971E491D23A3E2002D1A93 /* Frameworks */ = {
			isa = PBXFrameworksBuildPhase;
			buildActionMask = 2147483647;
			files = (
			);
			runOnlyForDeploymentPostprocessing = 0;
		};
		28971E621D23A3E2002D1A93 /* Frameworks */ = {
			isa = PBXFrameworksBuildPhase;
			buildActionMask = 2147483647;
			files = (
			);
			runOnlyForDeploymentPostprocessing = 0;
		};
		28971E6D1D23A3E3002D1A93 /* Frameworks */ = {
			isa = PBXFrameworksBuildPhase;
			buildActionMask = 2147483647;
			files = (
			);
			runOnlyForDeploymentPostprocessing = 0;
		};
/* End PBXFrameworksBuildPhase section */

/* Begin PBXGroup section */
		28971E431D23A3E2002D1A93 = {
			isa = PBXGroup;
			children = (
				28971E4E1D23A3E2002D1A93 /* Operation */,
				28971E681D23A3E2002D1A93 /* OperationTests */,
				28971E731D23A3E3002D1A93 /* OperationUITests */,
				28971E4D1D23A3E2002D1A93 /* Products */,
			);
			sourceTree = "<group>";
		};
		28971E4D1D23A3E2002D1A93 /* Products */ = {
			isa = PBXGroup;
			children = (
				28971E4C1D23A3E2002D1A93 /* Operation.app */,
				28971E651D23A3E2002D1A93 /* OperationTests.xctest */,
				28971E701D23A3E3002D1A93 /* OperationUITests.xctest */,
			);
			name = Products;
			sourceTree = "<group>";
		};
		28971E4E1D23A3E2002D1A93 /* Operation */ = {
			isa = PBXGroup;
			children = (
				28971E521D23A3E2002D1A93 /* AppDelegate.h */,
				28971E531D23A3E2002D1A93 /* AppDelegate.m */,
				28971E551D23A3E2002D1A93 /* ViewController.h */,
				28971E561D23A3E2002D1A93 /* ViewController.m */,
				28C8DF411D24F86400644ED3 /* OperationString.h */,
				28C8DF421D24F86400644ED3 /* OperationString.m */,
				28971E821D23BBCF002D1A93 /* DownloadNSOperation.h */,
				28971E831D23BBCF002D1A93 /* DownloadNSOperation.m */,
				28971E581D23A3E2002D1A93 /* Main.storyboard */,
				28971E5B1D23A3E2002D1A93 /* Assets.xcassets */,
				28971E5D1D23A3E2002D1A93 /* LaunchScreen.storyboard */,
				28971E601D23A3E2002D1A93 /* Info.plist */,
				28971E4F1D23A3E2002D1A93 /* Supporting Files */,
			);
			path = Operation;
			sourceTree = "<group>";
		};
		28971E4F1D23A3E2002D1A93 /* Supporting Files */ = {
			isa = PBXGroup;
			children = (
				28971E501D23A3E2002D1A93 /* main.m */,
			);
			name = "Supporting Files";
			sourceTree = "<group>";
		};
		28971E681D23A3E2002D1A93 /* OperationTests */ = {
			isa = PBXGroup;
			children = (
				28971E691D23A3E2002D1A93 /* OperationTests.m */,
				28971E6B1D23A3E2002D1A93 /* Info.plist */,
			);
			path = OperationTests;
			sourceTree = "<group>";
		};
		28971E731D23A3E3002D1A93 /* OperationUITests */ = {
			isa = PBXGroup;
			children = (
				28971E741D23A3E3002D1A93 /* OperationUITests.m */,
				28971E761D23A3E3002D1A93 /* Info.plist */,
			);
			path = OperationUITests;
			sourceTree = "<group>";
		};
/* End PBXGroup section */

/* Begin PBXNativeTarget section */
		28971E4B1D23A3E2002D1A93 /* Operation */ = {
			isa = PBXNativeTarget;
			buildConfigurationList = 28971E791D23A3E3002D1A93 /* Build configuration list for PBXNativeTarget "Operation" */;
			buildPhases = (
				28971E481D23A3E2002D1A93 /* Sources */,
				28971E491D23A3E2002D1A93 /* Frameworks */,
				28971E4A1D23A3E2002D1A93 /* Resources */,
			);
			buildRules = (
			);
			dependencies = (
			);
			name = Operation;
			productName = Operation;
			productReference = 28971E4C1D23A3E2002D1A93 /* Operation.app */;
			productType = "com.apple.product-type.application";
		};
		28971E641D23A3E2002D1A93 /* OperationTests */ = {
			isa = PBXNativeTarget;
			buildConfigurationList = 28971E7C1D23A3E3002D1A93 /* Build configuration list for PBXNativeTarget "OperationTests" */;
			buildPhases = (
				28971E611D23A3E2002D1A93 /* Sources */,
				28971E621D23A3E2002D1A93 /* Frameworks */,
				28971E631D23A3E2002D1A93 /* Resources */,
			);
			buildRules = (
			);
			dependencies = (
				28971E671D23A3E2002D1A93 /* PBXTargetDependency */,
			);
			name = OperationTests;
			productName = OperationTests;
			productReference = 28971E651D23A3E2002D1A93 /* OperationTests.xctest */;
			productType = "com.apple.product-type.bundle.unit-test";
		};
		28971E6F1D23A3E3002D1A93 /* OperationUITests */ = {
			isa = PBXNativeTarget;
			buildConfigurationList = 28971E7F1D23A3E3002D1A93 /* Build configuration list for PBXNativeTarget "OperationUITests" */;
			buildPhases = (
				28971E6C1D23A3E3002D1A93 /* Sources */,
				28971E6D1D23A3E3002D1A93 /* Frameworks */,
				28971E6E1D23A3E3002D1A93 /* Resources */,
			);
			buildRules = (
			);
			dependencies = (
				28971E721D23A3E3002D1A93 /* PBXTargetDependency */,
			);
			name = OperationUITests;
			productName = OperationUITests;
			productReference = 28971E701D23A3E3002D1A93 /* OperationUITests.xctest */;
			productType = "com.apple.product-type.bundle.ui-testing";
		};
/* End PBXNativeTarget section */

/* Begin PBXProject section */
		28971E441D23A3E2002D1A93 /* Project object */ = {
			isa = PBXProject;
			attributes = {
				LastUpgradeCheck = 0720;
				ORGANIZATIONNAME = archy;
				TargetAttributes = {
					28971E4B1D23A3E2002D1A93 = {
						CreatedOnToolsVersion = 7.2.1;
					};
					28971E641D23A3E2002D1A93 = {
						CreatedOnToolsVersion = 7.2.1;
						TestTargetID = 28971E4B1D23A3E2002D1A93;
					};
					28971E6F1D23A3E3002D1A93 = {
						CreatedOnToolsVersion = 7.2.1;
						TestTargetID = 28971E4B1D23A3E2002D1A93;
					};
				};
			};
			buildConfigurationList = 28971E471D23A3E2002D1A93 /* Build configuration list for PBXProject "Operation" */;
			compatibilityVersion = "Xcode 3.2";
			developmentRegion = English;
			hasScannedForEncodings = 0;
			knownRegions = (
				en,
				Base,
			);
			mainGroup = 28971E431D23A3E2002D1A93;
			productRefGroup = 28971E4D1D23A3E2002D1A93 /* Products */;
			projectDirPath = "";
			projectRoot = "";
			targets = (
				28971E4B1D23A3E2002D1A93 /* Operation */,
				28971E641D23A3E2002D1A93 /* OperationTests */,
				28971E6F1D23A3E3002D1A93 /* OperationUITests */,
			);
		};
/* End PBXProject section */

/* Begin PBXResourcesBuildPhase section */
		28971E4A1D23A3E2002D1A93 /* Resources */ = {
			isa = PBXResourcesBuildPhase;
			buildActionMask = 2147483647;
			files = (
				28971E5F1D23A3E2002D1A93 /* LaunchScreen.storyboard in Resources */,
				28971E5C1D23A3E2002D1A93 /* Assets.xcassets in Resources */,
				28971E5A1D23A3E2002D1A93 /* Main.storyboard in Resources */,
			);
			runOnlyForDeploymentPostprocessing = 0;
		};
		28971E631D23A3E2002D1A93 /* Resources */ = {
			isa = PBXResourcesBuildPhase;
			buildActionMask = 2147483647;
			files = (
			);
			runOnlyForDeploymentPostprocessing = 0;
		};
		28971E6E1D23A3E3002D1A93 /* Resources */ = {
			isa = PBXResourcesBuildPhase;
			buildActionMask = 2147483647;
			files = (
			);
			runOnlyForDeploymentPostprocessing = 0;
		};
/* End PBXResourcesBuildPhase section */

/* Begin PBXSourcesBuildPhase section */
		28971E481D23A3E2002D1A93 /* Sources */ = {
			isa = PBXSourcesBuildPhase;
			buildActionMask = 2147483647;
			files = (
				28971E571D23A3E2002D1A93 /* ViewController.m in Sources */,
				28971E541D23A3E2002D1A93 /* AppDelegate.m in Sources */,
				28971E841D23BBCF002D1A93 /* DownloadNSOperation.m in Sources */,
				28971E511D23A3E2002D1A93 /* main.m in Sources */,
				28C8DF431D24F86400644ED3 /* OperationString.m in Sources */,
			);
			runOnlyForDeploymentPostprocessing = 0;
		};
		28971E611D23A3E2002D1A93 /* Sources */ = {
			isa = PBXSourcesBuildPhase;
			buildActionMask = 2147483647;
			files = (
				28971E6A1D23A3E2002D1A93 /* OperationTests.m in Sources */,
			);
			runOnlyForDeploymentPostprocessing = 0;
		};
		28971E6C1D23A3E3002D1A93 /* Sources */ = {
			isa = PBXSourcesBuildPhase;
			buildActionMask = 2147483647;
			files = (
				28971E751D23A3E3002D1A93 /* OperationUITests.m in Sources */,
			);
			runOnlyForDeploymentPostprocessing = 0;
		};
/* End PBXSourcesBuildPhase section */

/* Begin PBXTargetDependency section */
		28971E671D23A3E2002D1A93 /* PBXTargetDependency */ = {
			isa = PBXTargetDependency;
			target = 28971E4B1D23A3E2002D1A93 /* Operation */;
			targetProxy = 28971E661D23A3E2002D1A93 /* PBXContainerItemProxy */;
		};
		28971E721D23A3E3002D1A93 /* PBXTargetDependency */ = {
			isa = PBXTargetDependency;
			target = 28971E4B1D23A3E2002D1A93 /* Operation */;
			targetProxy = 28971E711D23A3E3002D1A93 /* PBXContainerItemProxy */;
		};
/* End PBXTargetDependency section */

/* Begin PBXVariantGroup section */
		28971E581D23A3E2002D1A93 /* Main.storyboard */ = {
			isa = PBXVariantGroup;
			children = (
				28971E591D23A3E2002D1A93 /* Base */,
			);
			name = Main.storyboard;
			sourceTree = "<group>";
		};
		28971E5D1D23A3E2002D1A93 /* LaunchScreen.storyboard */ = {
			isa = PBXVariantGroup;
			children = (
				28971E5E1D23A3E2002D1A93 /* Base */,
			);
			name = LaunchScreen.storyboard;
			sourceTree = "<group>";
		};
/* End PBXVariantGroup section */

/* Begin XCBuildConfiguration section */
		28971E771D23A3E3002D1A93 /* Debug */ = {
			isa = XCBuildConfiguration;
			buildSettings = {
				ALWAYS_SEARCH_USER_PATHS = NO;
				CLANG_CXX_LANGUAGE_STANDARD = "gnu++0x";
				CLANG_CXX_LIBRARY = "libc++";
				CLANG_ENABLE_MODULES = YES;
				CLANG_ENABLE_OBJC_ARC = YES;
				CLANG_WARN_BOOL_CONVERSION = YES;
				CLANG_WARN_CONSTANT_CONVERSION = YES;
				CLANG_WARN_DIRECT_OBJC_ISA_USAGE = YES_ERROR;
				CLANG_WARN_EMPTY_BODY = YES;
				CLANG_WARN_ENUM_CONVERSION = YES;
				CLANG_WARN_INT_CONVERSION = YES;
				CLANG_WARN_OBJC_ROOT_CLASS = YES_ERROR;
				CLANG_WARN_UNREACHABLE_CODE = YES;
				CLANG_WARN__DUPLICATE_METHOD_MATCH = YES;
				"CODE_SIGN_IDENTITY[sdk=iphoneos*]" = "iPhone Developer";
				COPY_PHASE_STRIP = NO;
				DEBUG_INFORMATION_FORMAT = dwarf;
				ENABLE_STRICT_OBJC_MSGSEND = YES;
				ENABLE_TESTABILITY = YES;
				GCC_C_LANGUAGE_STANDARD = gnu99;
				GCC_DYNAMIC_NO_PIC = NO;
				GCC_NO_COMMON_BLOCKS = YES;
				GCC_OPTIMIZATION_LEVEL = 0;
				GCC_PREPROCESSOR_DEFINITIONS = (
					"DEBUG=1",
					"$(inherited)",
				);
				GCC_WARN_64_TO_32_BIT_CONVERSION = YES;
				GCC_WARN_ABOUT_RETURN_TYPE = YES_ERROR;
				GCC_WARN_UNDECLARED_SELECTOR = YES;
				GCC_WARN_UNINITIALIZED_AUTOS = YES_AGGRESSIVE;
				GCC_WARN_UNUSED_FUNCTION = YES;
				GCC_WARN_UNUSED_VARIABLE = YES;
				IPHONEOS_DEPLOYMENT_TARGET = 9.2;
				MTL_ENABLE_DEBUG_INFO = YES;
				ONLY_ACTIVE_ARCH = YES;
				SDKROOT = iphoneos;
				TARGETED_DEVICE_FAMILY = "1,2";
			};
			name = Debug;
		};
		28971E781D23A3E3002D1A93 /* Release */ = {
			isa = XCBuildConfiguration;
			buildSettings = {
				ALWAYS_SEARCH_USER_PATHS = NO;
				CLANG_CXX_LANGUAGE_STANDARD = "gnu++0x";
				CLANG_CXX_LIBRARY = "libc++";
				CLANG_ENABLE_MODULES = YES;
				CLANG_ENABLE_OBJC_ARC = YES;
				CLANG_WARN_BOOL_CONVERSION = YES;
				CLANG_WARN_CONSTANT_CONVERSION = YES;
				CLANG_WARN_DIRECT_OBJC_ISA_USAGE = YES_ERROR;
				CLANG_WARN_EMPTY_BODY = YES;
				CLANG_WARN_ENUM_CONVERSION = YES;
				CLANG_WARN_INT_CONVERSION = YES;
				CLANG_WARN_OBJC_ROOT_CLASS = YES_ERROR;
				CLANG_WARN_UNREACHABLE_CODE = YES;
				CLANG_WARN__DUPLICATE_METHOD_MATCH = YES;
				"CODE_SIGN_IDENTITY[sdk=iphoneos*]" = "iPhone Developer";
				COPY_PHASE_STRIP = NO;
				DEBUG_INFORMATION_FORMAT = "dwarf-with-dsym";
				ENABLE_NS_ASSERTIONS = NO;
				ENABLE_STRICT_OBJC_MSGSEND = YES;
				GCC_C_LANGUAGE_STANDARD = gnu99;
				GCC_NO_COMMON_BLOCKS = YES;
				GCC_WARN_64_TO_32_BIT_CONVERSION = YES;
				GCC_WARN_ABOUT_RETURN_TYPE = YES_ERROR;
				GCC_WARN_UNDECLARED_SELECTOR = YES;
				GCC_WARN_UNINITIALIZED_AUTOS = YES_AGGRESSIVE;
				GCC_WARN_UNUSED_FUNCTION = YES;
				GCC_WARN_UNUSED_VARIABLE = YES;
				IPHONEOS_DEPLOYMENT_TARGET = 9.2;
				MTL_ENABLE_DEBUG_INFO = NO;
				SDKROOT = iphoneos;
				TARGETED_DEVICE_FAMILY = "1,2";
				VALIDATE_PRODUCT = YES;
			};
			name = Release;
		};
		28971E7A1D23A3E3002D1A93 /* Debug */ = {
			isa = XCBuildConfiguration;
			buildSettings = {
				ASSETCATALOG_COMPILER_APPICON_NAME = AppIcon;
				INFOPLIST_FILE = Operation/Info.plist;
				IPHONEOS_DEPLOYMENT_TARGET = 8.0;
				LD_RUNPATH_SEARCH_PATHS = "$(inherited) @executable_path/Frameworks";
				PRODUCT_BUNDLE_IDENTIFIER = com.archy.Operation;
				PRODUCT_NAME = "$(TARGET_NAME)";
			};
			name = Debug;
		};
		28971E7B1D23A3E3002D1A93 /* Release */ = {
			isa = XCBuildConfiguration;
			buildSettings = {
				ASSETCATALOG_COMPILER_APPICON_NAME = AppIcon;
				INFOPLIST_FILE = Operation/Info.plist;
				IPHONEOS_DEPLOYMENT_TARGET = 8.0;
				LD_RUNPATH_SEARCH_PATHS = "$(inherited) @executable_path/Frameworks";
				PRODUCT_BUNDLE_IDENTIFIER = com.archy.Operation;
				PRODUCT_NAME = "$(TARGET_NAME)";
			};
			name = Release;
		};
		28971E7D1D23A3E3002D1A93 /* Debug */ = {
			isa = XCBuildConfiguration;
			buildSettings = {
				BUNDLE_LOADER = "$(TEST_HOST)";
				INFOPLIST_FILE = OperationTests/Info.plist;
				LD_RUNPATH_SEARCH_PATHS = "$(inherited) @executable_path/Frameworks @loader_path/Frameworks";
				PRODUCT_BUNDLE_IDENTIFIER = com.archy.OperationTests;
				PRODUCT_NAME = "$(TARGET_NAME)";
				TEST_HOST = "$(BUILT_PRODUCTS_DIR)/Operation.app/Operation";
			};
			name = Debug;
		};
		28971E7E1D23A3E3002D1A93 /* Release */ = {
			isa = XCBuildConfiguration;
			buildSettings = {
				BUNDLE_LOADER = "$(TEST_HOST)";
				INFOPLIST_FILE = OperationTests/Info.plist;
				LD_RUNPATH_SEARCH_PATHS = "$(inherited) @executable_path/Frameworks @loader_path/Frameworks";
				PRODUCT_BUNDLE_IDENTIFIER = com.archy.OperationTests;
				PRODUCT_NAME = "$(TARGET_NAME)";
				TEST_HOST = "$(BUILT_PRODUCTS_DIR)/Operation.app/Operation";
			};
			name = Release;
		};
		28971E801D23A3E3002D1A93 /* Debug */ = {
			isa = XCBuildConfiguration;
			buildSettings = {
				INFOPLIST_FILE = OperationUITests/Info.plist;
				LD_RUNPATH_SEARCH_PATHS = "$(inherited) @executable_path/Frameworks @loader_path/Frameworks";
				PRODUCT_BUNDLE_IDENTIFIER = com.archy.OperationUITests;
				PRODUCT_NAME = "$(TARGET_NAME)";
				TEST_TARGET_NAME = Operation;
				USES_XCTRUNNER = YES;
			};
			name = Debug;
		};
		28971E811D23A3E3002D1A93 /* Release */ = {
			isa = XCBuildConfiguration;
			buildSettings = {
				INFOPLIST_FILE = OperationUITests/Info.plist;
				LD_RUNPATH_SEARCH_PATHS = "$(inherited) @executable_path/Frameworks @loader_path/Frameworks";
				PRODUCT_BUNDLE_IDENTIFIER = com.archy.OperationUITests;
				PRODUCT_NAME = "$(TARGET_NAME)";
				TEST_TARGET_NAME = Operation;
				USES_XCTRUNNER = YES;
			};
			name = Release;
		};
/* End XCBuildConfiguration section */

/* Begin XCConfigurationList section */
		28971E471D23A3E2002D1A93 /* Build configuration list for PBXProject "Operation" */ = {
			isa = XCConfigurationList;
			buildConfigurations = (
				28971E771D23A3E3002D1A93 /* Debug */,
				28971E781D23A3E3002D1A93 /* Release */,
			);
			defaultConfigurationIsVisible = 0;
			defaultConfigurationName = Release;
		};
		28971E791D23A3E3002D1A93 /* Build configuration list for PBXNativeTarget "Operation" */ = {
			isa = XCConfigurationList;
			buildConfigurations = (
				28971E7A1D23A3E3002D1A93 /* Debug */,
				28971E7B1D23A3E3002D1A93 /* Release */,
			);
			defaultConfigurationIsVisible = 0;
			defaultConfigurationName = Release;
		};
		28971E7C1D23A3E3002D1A93 /* Build configuration list for PBXNativeTarget "OperationTests" */ = {
			isa = XCConfigurationList;
			buildConfigurations = (
				28971E7D1D23A3E3002D1A93 /* Debug */,
				28971E7E1D23A3E3002D1A93 /* Release */,
			);
			defaultConfigurationIsVisible = 0;
			defaultConfigurationName = Release;
		};
		28971E7F1D23A3E3002D1A93 /* Build configuration list for PBXNativeTarget "OperationUITests" */ = {
			isa = XCConfigurationList;
			buildConfigurations = (
				28971E801D23A3E3002D1A93 /* Debug */,
				28971E811D23A3E3002D1A93 /* Release */,
			);
			defaultConfigurationIsVisible = 0;
			defaultConfigurationName = Release;
		};
/* End XCConfigurationList section */
	};
	rootObject = 28971E441D23A3E2002D1A93 /* Project object */;
}
